
Microsoft Visual Studio Solution File, Format Version 12.00
# Visual Studio Version 17
VisualStudioVersion = 17.14.36401.2 d17.14
MinimumVisualStudioVersion = 10.0.40219.1
Project("{FAE04EC0-301F-11D3-BF4B-00C04F79EFBC}") = "Blogy.Entity", "Blogy.Entity\Blogy.Entity.csproj", "{B0C0570C-41DC-41F4-AC03-580DFE8A7E05}"
EndProject
Project("{FAE04EC0-301F-11D3-BF4B-00C04F79EFBC}") = "Blogy.DataAccess", "Blogy.DataAccess\Blogy.DataAccess.csproj", "{4CB6F535-8A31-49C2-B6D6-84C4A90154CF}"
EndProject
Project("{FAE04EC0-301F-11D3-BF4B-00C04F79EFBC}") = "Blogy.Business", "Blogy.Business\Blogy.Business.csproj", "{0AEB70DD-99B0-4B9A-849B-3718D4A9DC60}"
EndProject
Project("{FAE04EC0-301F-11D3-BF4B-00C04F79EFBC}") = "Blogy.WebUI", "Blogy.WebUI\Blogy.WebUI.csproj", "{0319A6E5-23B4-449F-A415-9C3EF711EC42}"
EndProject
Global
	GlobalSection(SolutionConfigurationPlatforms) = preSolution
		Debug|Any CPU = Debug|Any CPU
		Release|Any CPU = Release|Any CPU
	EndGlobalSection
	GlobalSection(ProjectConfigurationPlatforms) = postSolution
		{B0C0570C-41DC-41F4-AC03-580DFE8A7E05}.Debug|Any CPU.ActiveCfg = Debug|Any CPU
		{B0C0570C-41DC-41F4-AC03-580DFE8A7E05}.Debug|Any CPU.Build.0 = Debug|Any CPU
		{B0C0570C-41DC-41F4-AC03-580DFE8A7E05}.Release|Any CPU.ActiveCfg = Release|Any CPU
		{B0C0570C-41DC-41F4-AC03-580DFE8A7E05}.Release|Any CPU.Build.0 = Release|Any CPU
		{4CB6F535-8A31-49C2-B6D6-84C4A90154CF}.Debug|Any CPU.ActiveCfg = Debug|Any CPU
		{4CB6F535-8A31-49C2-B6D6-84C4A90154CF}.Debug|Any CPU.Build.0 = Debug|Any CPU
		{4CB6F535-8A31-49C2-B6D6-84C4A90154CF}.Release|Any CPU.ActiveCfg = Release|Any CPU
		{4CB6F535-8A31-49C2-B6D6-84C4A90154CF}.Release|Any CPU.Build.0 = Release|Any CPU
		{0AEB70DD-99B0-4B9A-849B-3718D4A9DC60}.Debug|Any CPU.ActiveCfg = Debug|Any CPU
		{0AEB70DD-99B0-4B9A-849B-3718D4A9DC60}.Debug|Any CPU.Build.0 = Debug|Any CPU
		{0AEB70DD-99B0-4B9A-849B-3718D4A9DC60}.Release|Any CPU.ActiveCfg = Release|Any CPU
		{0AEB70DD-99B0-4B9A-849B-3718D4A9DC60}.Release|Any CPU.Build.0 = Release|Any CPU
		{0319A6E5-23B4-449F-A415-9C3EF711EC42}.Debug|Any CPU.ActiveCfg = Debug|Any CPU
		{0319A6E5-23B4-449F-A415-9C3EF711EC42}.Debug|Any CPU.Build.0 = Debug|Any CPU
		{0319A6E5-23B4-449F-A415-9C3EF711EC42}.Release|Any CPU.ActiveCfg = Release|Any CPU
		{0319A6E5-23B4-449F-A415-9C3EF711EC42}.Release|Any CPU.Build.0 = Release|Any CPU
	EndGlobalSection
	GlobalSection(SolutionProperties) = preSolution
		HideSolutionNode = FALSE
	EndGlobalSection
	GlobalSection(ExtensibilityGlobals) = postSolution
		SolutionGuid = {C42FEC5B-43D2-4971-8F4A-3314AA2385D6}
	EndGlobalSection
EndGlobal
